
Microsoft Visual Studio Solution File, Format Version 12.00
# Visual Studio Version 17
VisualStudioVersion = 17.3.32825.248
MinimumVisualStudioVersion = 10.0.40219.1
Project("{FAE04EC0-301F-11D3-BF4B-00C04F79EFBC}") = "FiguresAreaLib", ".\FiguresAreaLib\FiguresAreaLib.csproj", "{92EE4AB9-E648-409F-8B39-263FDBFB2E11}"
EndProject
Project("{FAE04EC0-301F-11D3-BF4B-00C04F79EFBC}") = "FiguresAreaLibTests", ".\FiguresAreaLibTests\FiguresAreaLibTests.csproj", "{EB8AA3A0-15A8-4D19-9DC8-1F7B8CE9AF74}"
EndProject
Global
	GlobalSection(SolutionConfigurationPlatforms) = preSolution
		Debug|Any CPU = Debug|Any CPU
		Release|Any CPU = Release|Any CPU
	EndGlobalSection
	GlobalSection(ProjectConfigurationPlatforms) = postSolution
		{92EE4AB9-E648-409F-8B39-263FDBFB2E11}.Debug|Any CPU.ActiveCfg = Debug|Any CPU
		{92EE4AB9-E648-409F-8B39-263FDBFB2E11}.Debug|Any CPU.Build.0 = Debug|Any CPU
		{92EE4AB9-E648-409F-8B39-263FDBFB2E11}.Release|Any CPU.ActiveCfg = Release|Any CPU
		{92EE4AB9-E648-409F-8B39-263FDBFB2E11}.Release|Any CPU.Build.0 = Release|Any CPU
		{EB8AA3A0-15A8-4D19-9DC8-1F7B8CE9AF74}.Debug|Any CPU.ActiveCfg = Debug|Any CPU
		{EB8AA3A0-15A8-4D19-9DC8-1F7B8CE9AF74}.Debug|Any CPU.Build.0 = Debug|Any CPU
		{EB8AA3A0-15A8-4D19-9DC8-1F7B8CE9AF74}.Release|Any CPU.ActiveCfg = Release|Any CPU
		{EB8AA3A0-15A8-4D19-9DC8-1F7B8CE9AF74}.Release|Any CPU.Build.0 = Release|Any CPU
	EndGlobalSection
	GlobalSection(SolutionProperties) = preSolution
		HideSolutionNode = FALSE
	EndGlobalSection
	GlobalSection(ExtensibilityGlobals) = postSolution
		SolutionGuid = {48210AFC-71DD-43C6-8B12-B8A156843C7B}
	EndGlobalSection
EndGlobal
